# THIS IS AN AUTOGENERATED FILE. DO NOT EDIT THIS FILE DIRECTLY.
# yarn lockfile v1


react-native-restart@^0.0.22:
  version "0.0.22"
  resolved "https://registry.yarnpkg.com/react-native-restart/-/react-native-restart-0.0.22.tgz#81fcb7f31e35951d85410c68b9556acf3ab88705"
  integrity sha512-XwCqAMAKsO8yCM3xACPFKvkDQZe41lcavOuO0gUEu803IuTLtciualCq/qs83ryRDCDh1jkXYRqFjsGjLMCN3Q==
